// !$*UTF8*$!
{
	archiveVersion = 1;
	classes = {
	};
	objectVersion = 46;
	objects = {

/* Begin PBXBuildFile section */
		2D5D66FC1C06A32700FAA676 /* main.m in Sources */ = {isa = PBXBuildFile; fileRef = 2D5D66FB1C06A32700FAA676 /* main.m */; };
		2D5D66FF1C06A32700FAA676 /* AppDelegate.m in Sources */ = {isa = PBXBuildFile; fileRef = 2D5D66FE1C06A32700FAA676 /* AppDelegate.m */; };
		2D5D67051C06A32700FAA676 /* Main.storyboard in Resources */ = {isa = PBXBuildFile; fileRef = 2D5D67031C06A32700FAA676 /* Main.storyboard */; };
		2D5D67071C06A32700FAA676 /* Assets.xcassets in Resources */ = {isa = PBXBuildFile; fileRef = 2D5D67061C06A32700FAA676 /* Assets.xcassets */; };
		2D5D670A1C06A32700FAA676 /* LaunchScreen.storyboard in Resources */ = {isa = PBXBuildFile; fileRef = 2D5D67081C06A32700FAA676 /* LaunchScreen.storyboard */; };
		2D5D67131C06A3F000FAA676 /* CoolMenuViewController.m in Sources */ = {isa = PBXBuildFile; fileRef = 2D5D67121C06A3F000FAA676 /* CoolMenuViewController.m */; };
		2D5D67161C06A43100FAA676 /* CoolMenuView.m in Sources */ = {isa = PBXBuildFile; fileRef = 2D5D67151C06A43100FAA676 /* CoolMenuView.m */; };
		2D9558391C06CBEC00EE9472 /* AboutViewController.m in Sources */ = {isa = PBXBuildFile; fileRef = 2D95582E1C06CBEC00EE9472 /* AboutViewController.m */; };
		2D95583A1C06CBEC00EE9472 /* DetailViewController.m in Sources */ = {isa = PBXBuildFile; fileRef = 2D9558301C06CBEC00EE9472 /* DetailViewController.m */; };
		2D95583B1C06CBEC00EE9472 /* ListViewController.m in Sources */ = {isa = PBXBuildFile; fileRef = 2D9558321C06CBEC00EE9472 /* ListViewController.m */; };
		2D95583C1C06CBEC00EE9472 /* Quote.m in Sources */ = {isa = PBXBuildFile; fileRef = 2D9558341C06CBEC00EE9472 /* Quote.m */; };
		2D95583D1C06CBEC00EE9472 /* Quotes.m in Sources */ = {isa = PBXBuildFile; fileRef = 2D9558361C06CBEC00EE9472 /* Quotes.m */; };
		2D95583E1C06CBEC00EE9472 /* RandomViewController.m in Sources */ = {isa = PBXBuildFile; fileRef = 2D9558381C06CBEC00EE9472 /* RandomViewController.m */; };
		2D9558431C06CE0D00EE9472 /* TextStylerView.m in Sources */ = {isa = PBXBuildFile; fileRef = 2D9558401C06CE0D00EE9472 /* TextStylerView.m */; };
		2D9558441C06CE0D00EE9472 /* TextStylerViewController.m in Sources */ = {isa = PBXBuildFile; fileRef = 2D9558421C06CE0D00EE9472 /* TextStylerViewController.m */; };
		2D95584A1C07119F00EE9472 /* AddQuoteViewController.m in Sources */ = {isa = PBXBuildFile; fileRef = 2D9558491C07119F00EE9472 /* AddQuoteViewController.m */; };
/* End PBXBuildFile section */

/* Begin PBXFileReference section */
		2D5D66F71C06A32700FAA676 /* ActCoolMenu.app */ = {isa = PBXFileReference; explicitFileType = wrapper.application; includeInIndex = 0; path = ActCoolMenu.app; sourceTree = BUILT_PRODUCTS_DIR; };
		2D5D66FB1C06A32700FAA676 /* main.m */ = {isa = PBXFileReference; lastKnownFileType = sourcecode.c.objc; path = main.m; sourceTree = "<group>"; };
		2D5D66FD1C06A32700FAA676 /* AppDelegate.h */ = {isa = PBXFileReference; lastKnownFileType = sourcecode.c.h; path = AppDelegate.h; sourceTree = "<group>"; };
		2D5D66FE1C06A32700FAA676 /* AppDelegate.m */ = {isa = PBXFileReference; lastKnownFileType = sourcecode.c.objc; path = AppDelegate.m; sourceTree = "<group>"; };
		2D5D67041C06A32700FAA676 /* Base */ = {isa = PBXFileReference; lastKnownFileType = file.storyboard; name = Base; path = Base.lproj/Main.storyboard; sourceTree = "<group>"; };
		2D5D67061C06A32700FAA676 /* Assets.xcassets */ = {isa = PBXFileReference; lastKnownFileType = folder.assetcatalog; path = Assets.xcassets; sourceTree = "<group>"; };
		2D5D67091C06A32700FAA676 /* Base */ = {isa = PBXFileReference; lastKnownFileType = file.storyboard; name = Base; path = Base.lproj/LaunchScreen.storyboard; sourceTree = "<group>"; };
		2D5D670B1C06A32700FAA676 /* Info.plist */ = {isa = PBXFileReference; lastKnownFileType = text.plist.xml; path = Info.plist; sourceTree = "<group>"; };
		2D5D67111C06A3F000FAA676 /* CoolMenuViewController.h */ = {isa = PBXFileReference; fileEncoding = 4; lastKnownFileType = sourcecode.c.h; path = CoolMenuViewController.h; sourceTree = "<group>"; };
		2D5D67121C06A3F000FAA676 /* CoolMenuViewController.m */ = {isa = PBXFileReference; fileEncoding = 4; lastKnownFileType = sourcecode.c.objc; path = CoolMenuViewController.m; sourceTree = "<group>"; };
		2D5D67141C06A43100FAA676 /* CoolMenuView.h */ = {isa = PBXFileReference; fileEncoding = 4; lastKnownFileType = sourcecode.c.h; path = CoolMenuView.h; sourceTree = "<group>"; };
		2D5D67151C06A43100FAA676 /* CoolMenuView.m */ = {isa = PBXFileReference; fileEncoding = 4; lastKnownFileType = sourcecode.c.objc; path = CoolMenuView.m; sourceTree = "<group>"; };
		2D95582D1C06CBEC00EE9472 /* AboutViewController.h */ = {isa = PBXFileReference; fileEncoding = 4; lastKnownFileType = sourcecode.c.h; path = AboutViewController.h; sourceTree = "<group>"; };
		2D95582E1C06CBEC00EE9472 /* AboutViewController.m */ = {isa = PBXFileReference; fileEncoding = 4; lastKnownFileType = sourcecode.c.objc; path = AboutViewController.m; sourceTree = "<group>"; };
		2D95582F1C06CBEC00EE9472 /* DetailViewController.h */ = {isa = PBXFileReference; fileEncoding = 4; lastKnownFileType = sourcecode.c.h; path = DetailViewController.h; sourceTree = "<group>"; };
		2D9558301C06CBEC00EE9472 /* DetailViewController.m */ = {isa = PBXFileReference; fileEncoding = 4; lastKnownFileType = sourcecode.c.objc; path = DetailViewController.m; sourceTree = "<group>"; };
		2D9558311C06CBEC00EE9472 /* ListViewController.h */ = {isa = PBXFileReference; fileEncoding = 4; lastKnownFileType = sourcecode.c.h; path = ListViewController.h; sourceTree = "<group>"; };
		2D9558321C06CBEC00EE9472 /* ListViewController.m */ = {isa = PBXFileReference; fileEncoding = 4; lastKnownFileType = sourcecode.c.objc; path = ListViewController.m; sourceTree = "<group>"; };
		2D9558331C06CBEC00EE9472 /* Quote.h */ = {isa = PBXFileReference; fileEncoding = 4; lastKnownFileType = sourcecode.c.h; path = Quote.h; sourceTree = "<group>"; };
		2D9558341C06CBEC00EE9472 /* Quote.m */ = {isa = PBXFileReference; fileEncoding = 4; lastKnownFileType = sourcecode.c.objc; path = Quote.m; sourceTree = "<group>"; };
		2D9558351C06CBEC00EE9472 /* Quotes.h */ = {isa = PBXFileReference; fileEncoding = 4; lastKnownFileType = sourcecode.c.h; path = Quotes.h; sourceTree = "<group>"; };
		2D9558361C06CBEC00EE9472 /* Quotes.m */ = {isa = PBXFileReference; fileEncoding = 4; lastKnownFileType = sourcecode.c.objc; path = Quotes.m; sourceTree = "<group>"; };
		2D9558371C06CBEC00EE9472 /* RandomViewController.h */ = {isa = PBXFileReference; fileEncoding = 4; lastKnownFileType = sourcecode.c.h; path = RandomViewController.h; sourceTree = "<group>"; };
		2D9558381C06CBEC00EE9472 /* RandomViewController.m */ = {isa = PBXFileReference; fileEncoding = 4; lastKnownFileType = sourcecode.c.objc; path = RandomViewController.m; sourceTree = "<group>"; };
		2D95583F1C06CE0D00EE9472 /* TextStylerView.h */ = {isa = PBXFileReference; fileEncoding = 4; lastKnownFileType = sourcecode.c.h; path = TextStylerView.h; sourceTree = "<group>"; };
		2D9558401C06CE0D00EE9472 /* TextStylerView.m */ = {isa = PBXFileReference; fileEncoding = 4; lastKnownFileType = sourcecode.c.objc; path = TextStylerView.m; sourceTree = "<group>"; };
		2D9558411C06CE0D00EE9472 /* TextStylerViewController.h */ = {isa = PBXFileReference; fileEncoding = 4; lastKnownFileType = sourcecode.c.h; path = TextStylerViewController.h; sourceTree = "<group>"; };
		2D9558421C06CE0D00EE9472 /* TextStylerViewController.m */ = {isa = PBXFileReference; fileEncoding = 4; lastKnownFileType = sourcecode.c.objc; path = TextStylerViewController.m; sourceTree = "<group>"; };
		2D9558451C06D80600EE9472 /* CoolMenuControllerDelegate.h */ = {isa = PBXFileReference; fileEncoding = 4; lastKnownFileType = sourcecode.c.h; path = CoolMenuControllerDelegate.h; sourceTree = "<group>"; };
		2D9558481C07119F00EE9472 /* AddQuoteViewController.h */ = {isa = PBXFileReference; fileEncoding = 4; lastKnownFileType = sourcecode.c.h; path = AddQuoteViewController.h; sourceTree = "<group>"; };
		2D9558491C07119F00EE9472 /* AddQuoteViewController.m */ = {isa = PBXFileReference; fileEncoding = 4; lastKnownFileType = sourcecode.c.objc; path = AddQuoteViewController.m; sourceTree = "<group>"; };
/* End PBXFileReference section */

/* Begin PBXFrameworksBuildPhase section */
		2D5D66F41C06A32700FAA676 /* Frameworks */ = {
			isa = PBXFrameworksBuildPhase;
			buildActionMask = 2147483647;
			files = (
			);
			runOnlyForDeploymentPostprocessing = 0;
		};
/* End PBXFrameworksBuildPhase section */

/* Begin PBXGroup section */
		2D5D66EE1C06A32700FAA676 = {
			isa = PBXGroup;
			children = (
				2D5D66F91C06A32700FAA676 /* ActCoolMenu */,
				2D5D66F81C06A32700FAA676 /* Products */,
			);
			sourceTree = "<group>";
		};
		2D5D66F81C06A32700FAA676 /* Products */ = {
			isa = PBXGroup;
			children = (
				2D5D66F71C06A32700FAA676 /* ActCoolMenu.app */,
			);
			name = Products;
			sourceTree = "<group>";
		};
		2D5D66F91C06A32700FAA676 /* ActCoolMenu */ = {
			isa = PBXGroup;
			children = (
				2D95582D1C06CBEC00EE9472 /* AboutViewController.h */,
				2D95582E1C06CBEC00EE9472 /* AboutViewController.m */,
				2D95582F1C06CBEC00EE9472 /* DetailViewController.h */,
				2D9558301C06CBEC00EE9472 /* DetailViewController.m */,
				2D9558311C06CBEC00EE9472 /* ListViewController.h */,
				2D9558321C06CBEC00EE9472 /* ListViewController.m */,
				2D9558331C06CBEC00EE9472 /* Quote.h */,
				2D9558341C06CBEC00EE9472 /* Quote.m */,
				2D9558351C06CBEC00EE9472 /* Quotes.h */,
				2D9558361C06CBEC00EE9472 /* Quotes.m */,
				2D9558371C06CBEC00EE9472 /* RandomViewController.h */,
				2D95583F1C06CE0D00EE9472 /* TextStylerView.h */,
				2D9558401C06CE0D00EE9472 /* TextStylerView.m */,
				2D9558411C06CE0D00EE9472 /* TextStylerViewController.h */,
				2D9558421C06CE0D00EE9472 /* TextStylerViewController.m */,
				2D9558381C06CBEC00EE9472 /* RandomViewController.m */,
				2D5D66FD1C06A32700FAA676 /* AppDelegate.h */,
				2D5D66FE1C06A32700FAA676 /* AppDelegate.m */,
				2D5D67031C06A32700FAA676 /* Main.storyboard */,
				2D5D67061C06A32700FAA676 /* Assets.xcassets */,
				2D5D67081C06A32700FAA676 /* LaunchScreen.storyboard */,
				2D5D670B1C06A32700FAA676 /* Info.plist */,
				2D5D66FA1C06A32700FAA676 /* Supporting Files */,
				2D5D67111C06A3F000FAA676 /* CoolMenuViewController.h */,
				2D5D67121C06A3F000FAA676 /* CoolMenuViewController.m */,
				2D5D67141C06A43100FAA676 /* CoolMenuView.h */,
				2D5D67151C06A43100FAA676 /* CoolMenuView.m */,
				2D9558451C06D80600EE9472 /* CoolMenuControllerDelegate.h */,
				2D9558481C07119F00EE9472 /* AddQuoteViewController.h */,
				2D9558491C07119F00EE9472 /* AddQuoteViewController.m */,
			);
			path = ActCoolMenu;
			sourceTree = "<group>";
		};
		2D5D66FA1C06A32700FAA676 /* Supporting Files */ = {
			isa = PBXGroup;
			children = (
				2D5D66FB1C06A32700FAA676 /* main.m */,
			);
			name = "Supporting Files";
			sourceTree = "<group>";
		};
/* End PBXGroup section */

/* Begin PBXNativeTarget section */
		2D5D66F61C06A32700FAA676 /* ActCoolMenu */ = {
			isa = PBXNativeTarget;
			buildConfigurationList = 2D5D670E1C06A32700FAA676 /* Build configuration list for PBXNativeTarget "ActCoolMenu" */;
			buildPhases = (
				2D5D66F31C06A32700FAA676 /* Sources */,
				2D5D66F41C06A32700FAA676 /* Frameworks */,
				2D5D66F51C06A32700FAA676 /* Resources */,
			);
			buildRules = (
			);
			dependencies = (
			);
			name = ActCoolMenu;
			productName = ActCoolMenu;
			productReference = 2D5D66F71C06A32700FAA676 /* ActCoolMenu.app */;
			productType = "com.apple.product-type.application";
		};
/* End PBXNativeTarget section */

/* Begin PBXProject section */
		2D5D66EF1C06A32700FAA676 /* Project object */ = {
			isa = PBXProject;
			attributes = {
				LastUpgradeCheck = 0710;
				ORGANIZATIONNAME = "Dale Ansley Lim";
				TargetAttributes = {
					2D5D66F61C06A32700FAA676 = {
						CreatedOnToolsVersion = 7.1.1;
					};
				};
			};
			buildConfigurationList = 2D5D66F21C06A32700FAA676 /* Build configuration list for PBXProject "ActCoolMenu" */;
			compatibilityVersion = "Xcode 3.2";
			developmentRegion = English;
			hasScannedForEncodings = 0;
			knownRegions = (
				en,
				Base,
			);
			mainGroup = 2D5D66EE1C06A32700FAA676;
			productRefGroup = 2D5D66F81C06A32700FAA676 /* Products */;
			projectDirPath = "";
			projectRoot = "";
			targets = (
				2D5D66F61C06A32700FAA676 /* ActCoolMenu */,
			);
		};
/* End PBXProject section */

/* Begin PBXResourcesBuildPhase section */
		2D5D66F51C06A32700FAA676 /* Resources */ = {
			isa = PBXResourcesBuildPhase;
			buildActionMask = 2147483647;
			files = (
				2D5D670A1C06A32700FAA676 /* LaunchScreen.storyboard in Resources */,
				2D5D67071C06A32700FAA676 /* Assets.xcassets in Resources */,
				2D5D67051C06A32700FAA676 /* Main.storyboard in Resources */,
			);
			runOnlyForDeploymentPostprocessing = 0;
		};
/* End PBXResourcesBuildPhase section */

/* Begin PBXSourcesBuildPhase section */
		2D5D66F31C06A32700FAA676 /* Sources */ = {
			isa = PBXSourcesBuildPhase;
			buildActionMask = 2147483647;
			files = (
				2D95583C1C06CBEC00EE9472 /* Quote.m in Sources */,
				2D9558391C06CBEC00EE9472 /* AboutViewController.m in Sources */,
				2D95584A1C07119F00EE9472 /* AddQuoteViewController.m in Sources */,
				2D95583D1C06CBEC00EE9472 /* Quotes.m in Sources */,
				2D5D67161C06A43100FAA676 /* CoolMenuView.m in Sources */,
				2D9558441C06CE0D00EE9472 /* TextStylerViewController.m in Sources */,
				2D95583B1C06CBEC00EE9472 /* ListViewController.m in Sources */,
				2D95583E1C06CBEC00EE9472 /* RandomViewController.m in Sources */,
				2D5D66FF1C06A32700FAA676 /* AppDelegate.m in Sources */,
				2D9558431C06CE0D00EE9472 /* TextStylerView.m in Sources */,
				2D5D66FC1C06A32700FAA676 /* main.m in Sources */,
				2D5D67131C06A3F000FAA676 /* CoolMenuViewController.m in Sources */,
				2D95583A1C06CBEC00EE9472 /* DetailViewController.m in Sources */,
			);
			runOnlyForDeploymentPostprocessing = 0;
		};
/* End PBXSourcesBuildPhase section */

/* Begin PBXVariantGroup section */
		2D5D67031C06A32700FAA676 /* Main.storyboard */ = {
			isa = PBXVariantGroup;
			children = (
				2D5D67041C06A32700FAA676 /* Base */,
			);
			name = Main.storyboard;
			sourceTree = "<group>";
		};
		2D5D67081C06A32700FAA676 /* LaunchScreen.storyboard */ = {
			isa = PBXVariantGroup;
			children = (
				2D5D67091C06A32700FAA676 /* Base */,
			);
			name = LaunchScreen.storyboard;
			sourceTree = "<group>";
		};
/* End PBXVariantGroup section */

/* Begin XCBuildConfiguration section */
		2D5D670C1C06A32700FAA676 /* Debug */ = {
			isa = XCBuildConfiguration;
			buildSettings = {
				ALWAYS_SEARCH_USER_PATHS = NO;
				CLANG_CXX_LANGUAGE_STANDARD = "gnu++0x";
				CLANG_CXX_LIBRARY = "libc++";
				CLANG_ENABLE_MODULES = YES;
				CLANG_ENABLE_OBJC_ARC = YES;
				CLANG_WARN_BOOL_CONVERSION = YES;
				CLANG_WARN_CONSTANT_CONVERSION = YES;
				CLANG_WARN_DIRECT_OBJC_ISA_USAGE = YES_ERROR;
				CLANG_WARN_EMPTY_BODY = YES;
				CLANG_WARN_ENUM_CONVERSION = YES;
				CLANG_WARN_INT_CONVERSION = YES;
				CLANG_WARN_OBJC_ROOT_CLASS = YES_ERROR;
				CLANG_WARN_UNREACHABLE_CODE = YES;
				CLANG_WARN__DUPLICATE_METHOD_MATCH = YES;
				"CODE_SIGN_IDENTITY[sdk=iphoneos*]" = "iPhone Developer";
				COPY_PHASE_STRIP = NO;
				DEBUG_INFORMATION_FORMAT = dwarf;
				ENABLE_STRICT_OBJC_MSGSEND = YES;
				ENABLE_TESTABILITY = YES;
				GCC_C_LANGUAGE_STANDARD = gnu99;
				GCC_DYNAMIC_NO_PIC = NO;
				GCC_NO_COMMON_BLOCKS = YES;
				GCC_OPTIMIZATION_LEVEL = 0;
				GCC_PREPROCESSOR_DEFINITIONS = (
					"DEBUG=1",
					"$(inherited)",
				);
				GCC_WARN_64_TO_32_BIT_CONVERSION = YES;
				GCC_WARN_ABOUT_RETURN_TYPE = YES_ERROR;
				GCC_WARN_UNDECLARED_SELECTOR = YES;
				GCC_WARN_UNINITIALIZED_AUTOS = YES_AGGRESSIVE;
				GCC_WARN_UNUSED_FUNCTION = YES;
				GCC_WARN_UNUSED_VARIABLE = YES;
				IPHONEOS_DEPLOYMENT_TARGET = 9.1;
				MTL_ENABLE_DEBUG_INFO = YES;
				ONLY_ACTIVE_ARCH = YES;
				SDKROOT = iphoneos;
				TARGETED_DEVICE_FAMILY = "1,2";
			};
			name = Debug;
		};
		2D5D670D1C06A32700FAA676 /* Release */ = {
			isa = XCBuildConfiguration;
			buildSettings = {
				ALWAYS_SEARCH_USER_PATHS = NO;
				CLANG_CXX_LANGUAGE_STANDARD = "gnu++0x";
				CLANG_CXX_LIBRARY = "libc++";
				CLANG_ENABLE_MODULES = YES;
				CLANG_ENABLE_OBJC_ARC = YES;
				CLANG_WARN_BOOL_CONVERSION = YES;
				CLANG_WARN_CONSTANT_CONVERSION = YES;
				CLANG_WARN_DIRECT_OBJC_ISA_USAGE = YES_ERROR;
				CLANG_WARN_EMPTY_BODY = YES;
				CLANG_WARN_ENUM_CONVERSION = YES;
				CLANG_WARN_INT_CONVERSION = YES;
				CLANG_WARN_OBJC_ROOT_CLASS = YES_ERROR;
				CLANG_WARN_UNREACHABLE_CODE = YES;
				CLANG_WARN__DUPLICATE_METHOD_MATCH = YES;
				"CODE_SIGN_IDENTITY[sdk=iphoneos*]" = "iPhone Developer";
				COPY_PHASE_STRIP = NO;
				DEBUG_INFORMATION_FORMAT = "dwarf-with-dsym";
				ENABLE_NS_ASSERTIONS = NO;
				ENABLE_STRICT_OBJC_MSGSEND = YES;
				GCC_C_LANGUAGE_STANDARD = gnu99;
				GCC_NO_COMMON_BLOCKS = YES;
				GCC_WARN_64_TO_32_BIT_CONVERSION = YES;
				GCC_WARN_ABOUT_RETURN_TYPE = YES_ERROR;
				GCC_WARN_UNDECLARED_SELECTOR = YES;
				GCC_WARN_UNINITIALIZED_AUTOS = YES_AGGRESSIVE;
				GCC_WARN_UNUSED_FUNCTION = YES;
				GCC_WARN_UNUSED_VARIABLE = YES;
				IPHONEOS_DEPLOYMENT_TARGET = 9.1;
				MTL_ENABLE_DEBUG_INFO = NO;
				SDKROOT = iphoneos;
				TARGETED_DEVICE_FAMILY = "1,2";
				VALIDATE_PRODUCT = YES;
			};
			name = Release;
		};
		2D5D670F1C06A32700FAA676 /* Debug */ = {
			isa = XCBuildConfiguration;
			buildSettings = {
				ASSETCATALOG_COMPILER_APPICON_NAME = AppIcon;
				INFOPLIST_FILE = ActCoolMenu/Info.plist;
				LD_RUNPATH_SEARCH_PATHS = "$(inherited) @executable_path/Frameworks";
				PRODUCT_BUNDLE_IDENTIFIER = com.dale.ActCoolMenu;
				PRODUCT_NAME = "$(TARGET_NAME)";
			};
			name = Debug;
		};
		2D5D67101C06A32700FAA676 /* Release */ = {
			isa = XCBuildConfiguration;
			buildSettings = {
				ASSETCATALOG_COMPILER_APPICON_NAME = AppIcon;
				INFOPLIST_FILE = ActCoolMenu/Info.plist;
				LD_RUNPATH_SEARCH_PATHS = "$(inherited) @executable_path/Frameworks";
				PRODUCT_BUNDLE_IDENTIFIER = com.dale.ActCoolMenu;
				PRODUCT_NAME = "$(TARGET_NAME)";
			};
			name = Release;
		};
/* End XCBuildConfiguration section */

/* Begin XCConfigurationList section */
		2D5D66F21C06A32700FAA676 /* Build configuration list for PBXProject "ActCoolMenu" */ = {
			isa = XCConfigurationList;
			buildConfigurations = (
				2D5D670C1C06A32700FAA676 /* Debug */,
				2D5D670D1C06A32700FAA676 /* Release */,
			);
			defaultConfigurationIsVisible = 0;
			defaultConfigurationName = Release;
		};
		2D5D670E1C06A32700FAA676 /* Build configuration list for PBXNativeTarget "ActCoolMenu" */ = {
			isa = XCConfigurationList;
			buildConfigurations = (
				2D5D670F1C06A32700FAA676 /* Debug */,
				2D5D67101C06A32700FAA676 /* Release */,
			);
			defaultConfigurationIsVisible = 0;
			defaultConfigurationName = Release;
		};
/* End XCConfigurationList section */
	};
	rootObject = 2D5D66EF1C06A32700FAA676 /* Project object */;
}
